# This file is autogenerated, do not edit; changes may be undone by the next 'dep ensure'.


[[projects]]
  digest = "1:6353cb0f322f111ac51a4c78b7650ac05faab37e153795758d9fdc388bb8fb9f"
  name = "github.com/sirupsen/logrus"
  packages = ["."]
  pruneopts = "UT"
  revision = "27b713cfd2742876645e3692a488c5e3fd65361d"

[[projects]]
  digest = "1:03666a52875323b41f84782234fc8a5b28067305e96ab190f5147397cc6a40f9"
  name = "github.com/alecthomas/template"
  packages = [
    ".",
    "parse",
  ]
  pruneopts = "UT"
  revision = "b867cc6ab45cece8143cfcc6fc9c77cf3f2c23c0"

[[projects]]
  digest = "1:c198fdc381e898e8fb62b8eb62758195091c313ad18e52a3067366e1dda2fb3c"
  name = "github.com/alecthomas/units"
  packages = ["."]
  pruneopts = "UT"
  revision = "2efee857e7cfd4f3d0138cc3cbb1b4966962b93a"

[[projects]]
  digest = "1:716742e4377dded4c8479a76ff581329f4a47b6ebad22e074ec07db0566e6bbb"
  name = "github.com/hanwen/go-fuse"
  packages = [
    "fuse",
    "fuse/nodefs",
    "fuse/pathfs",
    "splice",
  ]
  pruneopts = "UT"
  revision = "324ea173d0a4d90e0e97c464a6ad33f80c9587a8"

[[projects]]
  digest = "1:12b729e10a655a475350f71f6b6d72ea9e1203ae1e36cd3462566d65904c7fca"
  name = "github.com/pmylund/go-cache"
  packages = ["."]
  pruneopts = "UT"
  revision = "93d85800f2fa6bd0a739e7bd612bfa3bc008b72d"
  version = "v1.0.0"

[[projects]]
  digest = "1:0d0cf90ce11a5f9c47f9701b752974b5b9195f8c4607548b5d8ffaa5a82a63e4"
  name = "github.com/stretchr/testify"
  packages = ["assert"]
  pruneopts = "UT"
  revision = "7c2b1e5640dcf2631213ca962d892bffa1e08860"

[[projects]]
  digest = "1:c8d9398a04a8dc08f0e617324f2b64911b2832fb14cbeaa7a5a6a687bf6251b1"
  name = "github.com/zach-klippenstein/goadb"
  packages = [
    ".",
    "util",
    "wire",
  ]
  pruneopts = "UT"
  revision = "3d9104fbc1f235a9637e8f0ef027250d92a46c8c"

[[projects]]
  digest = "1:d44e89747310ac7c2ef1018c44c30e2ddcc1147a8ad01b19e8a7b1699b60c1ed"
  name = "golang.org/x/net"
  packages = [
    "context",
    "internal/timeseries",
    "trace",
  ]
  pruneopts = "UT"
  revision = "db8e4de5b2d6653f66aea53094624468caad15d2"

[[projects]]
  digest = "1:a132d7bf0da52ccf39d0cc5625ea4af425791533c3d4c8828b31c8c4a06a16c5"
  name = "golang.org/x/sys"
  packages = ["unix"]
  pruneopts = "UT"
  revision = "16e60ce6821cc44d9dc924a9f4866ad6ca076ebf"

[[projects]]
  digest = "1:3e3e785afe384b4bfa1e9c648472f5e8d96597331c1ec9bf7d6e7eb2fdb42730"
  name = "gopkg.in/alecthomas/kingpin.v2"
  packages = ["."]
  pruneopts = "UT"
  revision = "21551c2a6259a8145110ca80a36e25c9d7624032"
  version = "v2.1.7"

[solve-meta]
  analyzer-name = "dep"
  analyzer-version = 1
  input-imports = [
    "github.com/sirupsen/logrus",
    "github.com/hanwen/go-fuse/fuse",
    "github.com/hanwen/go-fuse/fuse/nodefs",
    "github.com/hanwen/go-fuse/fuse/pathfs",
    "github.com/pmylund/go-cache",
    "github.com/stretchr/testify/assert",
    "github.com/zach-klippenstein/goadb",
    "github.com/zach-klippenstein/goadb/util",
    "golang.org/x/net/context",
    "golang.org/x/net/trace",
    "gopkg.in/alecthomas/kingpin.v2",
  ]
  solver-name = "gps-cdcl"
  solver-version = 1
